
Microsoft Visual Studio Solution File, Format Version 12.00
# Visual Studio Version 17
VisualStudioVersion = 17.14.36623.8
MinimumVisualStudioVersion = 10.0.40219.1
Project("{FAE04EC0-301F-11D3-BF4B-00C04F79EFBC}") = "running-race-simulation", "running-race-simulation.csproj", "{41A0EA58-B6B0-44D6-BFAD-245A92F302DF}"
EndProject
Global
	GlobalSection(SolutionConfigurationPlatforms) = preSolution
		Debug|Any CPU = Debug|Any CPU
		Release|Any CPU = Release|Any CPU
	EndGlobalSection
	GlobalSection(ProjectConfigurationPlatforms) = postSolution
		{41A0EA58-B6B0-44D6-BFAD-245A92F302DF}.Debug|Any CPU.ActiveCfg = Debug|Any CPU
		{41A0EA58-B6B0-44D6-BFAD-245A92F302DF}.Debug|Any CPU.Build.0 = Debug|Any CPU
		{41A0EA58-B6B0-44D6-BFAD-245A92F302DF}.Release|Any CPU.ActiveCfg = Release|Any CPU
		{41A0EA58-B6B0-44D6-BFAD-245A92F302DF}.Release|Any CPU.Build.0 = Release|Any CPU
	EndGlobalSection
	GlobalSection(SolutionProperties) = preSolution
		HideSolutionNode = FALSE
	EndGlobalSection
	GlobalSection(ExtensibilityGlobals) = postSolution
		SolutionGuid = {6F0018FE-3A35-4ADB-8287-81C8E124BA20}
	EndGlobalSection
EndGlobal
